
Microsoft Visual Studio Solution File, Format Version 12.00
# Visual Studio Version 16
VisualStudioVersion = 16.0.32630.194
MinimumVisualStudioVersion = 10.0.40219.1
Project("{FAE04EC0-301F-11D3-BF4B-00C04F79EFBC}") = "finalProject", "finalProject\finalProject.csproj", "{999ECE92-E2B6-4C25-8E3B-3CD69E5CCBF0}"
EndProject
Global
	GlobalSection(SolutionConfigurationPlatforms) = preSolution
		Debug|Any CPU = Debug|Any CPU
		Release|Any CPU = Release|Any CPU
	EndGlobalSection
	GlobalSection(ProjectConfigurationPlatforms) = postSolution
		{999ECE92-E2B6-4C25-8E3B-3CD69E5CCBF0}.Debug|Any CPU.ActiveCfg = Debug|Any CPU
		{999ECE92-E2B6-4C25-8E3B-3CD69E5CCBF0}.Debug|Any CPU.Build.0 = Debug|Any CPU
		{999ECE92-E2B6-4C25-8E3B-3CD69E5CCBF0}.Release|Any CPU.ActiveCfg = Release|Any CPU
		{999ECE92-E2B6-4C25-8E3B-3CD69E5CCBF0}.Release|Any CPU.Build.0 = Release|Any CPU
	EndGlobalSection
	GlobalSection(SolutionProperties) = preSolution
		HideSolutionNode = FALSE
	EndGlobalSection
	GlobalSection(ExtensibilityGlobals) = postSolution
		SolutionGuid = {AA9D7A8F-EF5C-4E85-AF28-4F35BF9462B0}
	EndGlobalSection
EndGlobal
